
Microsoft Visual Studio Solution File, Format Version 12.00
# Visual Studio 15
VisualStudioVersion = 15.0.28307.438
MinimumVisualStudioVersion = 10.0.40219.1
Project("{FAE04EC0-301F-11D3-BF4B-00C04F79EFBC}") = "Employee", "Employee\Employee.csproj", "{2483425E-6138-4394-8A89-4571D889E7B8}"
EndProject
Global
	GlobalSection(SolutionConfigurationPlatforms) = preSolution
		Debug|Any CPU = Debug|Any CPU
		Release|Any CPU = Release|Any CPU
	EndGlobalSection
	GlobalSection(ProjectConfigurationPlatforms) = postSolution
		{2483425E-6138-4394-8A89-4571D889E7B8}.Debug|Any CPU.ActiveCfg = Debug|Any CPU
		{2483425E-6138-4394-8A89-4571D889E7B8}.Debug|Any CPU.Build.0 = Debug|Any CPU
		{2483425E-6138-4394-8A89-4571D889E7B8}.Release|Any CPU.ActiveCfg = Release|Any CPU
		{2483425E-6138-4394-8A89-4571D889E7B8}.Release|Any CPU.Build.0 = Release|Any CPU
	EndGlobalSection
	GlobalSection(SolutionProperties) = preSolution
		HideSolutionNode = FALSE
	EndGlobalSection
	GlobalSection(ExtensibilityGlobals) = postSolution
		SolutionGuid = {45581AF1-DA56-4021-BAB3-B7AA6AEC228A}
	EndGlobalSection
EndGlobal
