
Microsoft Visual Studio Solution File, Format Version 12.00
# Visual Studio 15
VisualStudioVersion = 15.0.28307.438
MinimumVisualStudioVersion = 10.0.40219.1
Project("{FAE04EC0-301F-11D3-BF4B-00C04F79EFBC}") = "ConnectionToDatabase", "ConnectionToDatabase\ConnectionToDatabase.csproj", "{56EFD886-1180-473D-9DE8-6BC16B098D4B}"
EndProject
Global
	GlobalSection(SolutionConfigurationPlatforms) = preSolution
		Debug|Any CPU = Debug|Any CPU
		Release|Any CPU = Release|Any CPU
	EndGlobalSection
	GlobalSection(ProjectConfigurationPlatforms) = postSolution
		{56EFD886-1180-473D-9DE8-6BC16B098D4B}.Debug|Any CPU.ActiveCfg = Debug|Any CPU
		{56EFD886-1180-473D-9DE8-6BC16B098D4B}.Debug|Any CPU.Build.0 = Debug|Any CPU
		{56EFD886-1180-473D-9DE8-6BC16B098D4B}.Release|Any CPU.ActiveCfg = Release|Any CPU
		{56EFD886-1180-473D-9DE8-6BC16B098D4B}.Release|Any CPU.Build.0 = Release|Any CPU
	EndGlobalSection
	GlobalSection(SolutionProperties) = preSolution
		HideSolutionNode = FALSE
	EndGlobalSection
	GlobalSection(ExtensibilityGlobals) = postSolution
		SolutionGuid = {93B94103-178C-43CC-AE4D-C89732F5106D}
	EndGlobalSection
EndGlobal
