
Microsoft Visual Studio Solution File, Format Version 12.00
# Visual Studio 15
VisualStudioVersion = 15.0.28307.438
MinimumVisualStudioVersion = 10.0.40219.1
Project("{FAE04EC0-301F-11D3-BF4B-00C04F79EFBC}") = "HeyPerson", "HeyPerson\HeyPerson.csproj", "{E0A0FDB1-D845-40A7-81C0-CEB1F737FA03}"
EndProject
Global
	GlobalSection(SolutionConfigurationPlatforms) = preSolution
		Debug|Any CPU = Debug|Any CPU
		Release|Any CPU = Release|Any CPU
	EndGlobalSection
	GlobalSection(ProjectConfigurationPlatforms) = postSolution
		{E0A0FDB1-D845-40A7-81C0-CEB1F737FA03}.Debug|Any CPU.ActiveCfg = Debug|Any CPU
		{E0A0FDB1-D845-40A7-81C0-CEB1F737FA03}.Debug|Any CPU.Build.0 = Debug|Any CPU
		{E0A0FDB1-D845-40A7-81C0-CEB1F737FA03}.Release|Any CPU.ActiveCfg = Release|Any CPU
		{E0A0FDB1-D845-40A7-81C0-CEB1F737FA03}.Release|Any CPU.Build.0 = Release|Any CPU
	EndGlobalSection
	GlobalSection(SolutionProperties) = preSolution
		HideSolutionNode = FALSE
	EndGlobalSection
	GlobalSection(ExtensibilityGlobals) = postSolution
		SolutionGuid = {40D1740A-BCF4-49B9-896C-69AD46FADF22}
	EndGlobalSection
EndGlobal
