
Microsoft Visual Studio Solution File, Format Version 12.00
# Visual Studio 15
VisualStudioVersion = 15.0.28307.438
MinimumVisualStudioVersion = 10.0.40219.1
Project("{FAE04EC0-301F-11D3-BF4B-00C04F79EFBC}") = "HelloPerson", "HelloPerson\HelloPerson.csproj", "{F040E218-B2B2-4868-9CFE-C77E3775E7EB}"
EndProject
Global
	GlobalSection(SolutionConfigurationPlatforms) = preSolution
		Debug|Any CPU = Debug|Any CPU
		Release|Any CPU = Release|Any CPU
	EndGlobalSection
	GlobalSection(ProjectConfigurationPlatforms) = postSolution
		{F040E218-B2B2-4868-9CFE-C77E3775E7EB}.Debug|Any CPU.ActiveCfg = Debug|Any CPU
		{F040E218-B2B2-4868-9CFE-C77E3775E7EB}.Debug|Any CPU.Build.0 = Debug|Any CPU
		{F040E218-B2B2-4868-9CFE-C77E3775E7EB}.Release|Any CPU.ActiveCfg = Release|Any CPU
		{F040E218-B2B2-4868-9CFE-C77E3775E7EB}.Release|Any CPU.Build.0 = Release|Any CPU
	EndGlobalSection
	GlobalSection(SolutionProperties) = preSolution
		HideSolutionNode = FALSE
	EndGlobalSection
	GlobalSection(ExtensibilityGlobals) = postSolution
		SolutionGuid = {D1001E69-F94D-4B0E-A2D9-82A3D58368A5}
	EndGlobalSection
EndGlobal
